
Microsoft Visual Studio Solution File, Format Version 12.00
# Visual Studio Version 17
VisualStudioVersion = 17.2.32519.379
MinimumVisualStudioVersion = 10.0.40219.1
Project("{FAE04EC0-301F-11D3-BF4B-00C04F79EFBC}") = "Workshop__", "Workshop__\Workshop__.csproj", "{1AFF279D-AAF8-480B-8258-621A7B5A0BAD}"
EndProject
Global
	GlobalSection(SolutionConfigurationPlatforms) = preSolution
		Debug|Any CPU = Debug|Any CPU
		Release|Any CPU = Release|Any CPU
	EndGlobalSection
	GlobalSection(ProjectConfigurationPlatforms) = postSolution
		{1AFF279D-AAF8-480B-8258-621A7B5A0BAD}.Debug|Any CPU.ActiveCfg = Debug|Any CPU
		{1AFF279D-AAF8-480B-8258-621A7B5A0BAD}.Debug|Any CPU.Build.0 = Debug|Any CPU
		{1AFF279D-AAF8-480B-8258-621A7B5A0BAD}.Release|Any CPU.ActiveCfg = Release|Any CPU
		{1AFF279D-AAF8-480B-8258-621A7B5A0BAD}.Release|Any CPU.Build.0 = Release|Any CPU
	EndGlobalSection
	GlobalSection(SolutionProperties) = preSolution
		HideSolutionNode = FALSE
	EndGlobalSection
	GlobalSection(ExtensibilityGlobals) = postSolution
		SolutionGuid = {4AE58885-828B-4451-AE3F-5523B5A3D040}
	EndGlobalSection
EndGlobal
